{
  "version": "3",
  "packages": {
    "specifiers": {
      "jsr:@std/assert@1": "jsr:@std/assert@1.0.4",
      "jsr:@std/internal@^1.0.3": "jsr:@std/internal@1.0.3"
    },
    "jsr": {
      "@std/assert@1.0.4": {
        "integrity": "d4c767ea578e5bc09c15b6e503376003e5b2d1f4c0cdf08524a92101ff4d7b96",
        "dependencies": [
          "jsr:@std/internal@^1.0.3"
        ]
      },
      "@std/internal@1.0.3": {
        "integrity": "208e9b94a3d5649bd880e9ca38b885ab7651ab5b5303a56ed25de4755fb7b11e"
      }
    }
  },
  "remote": {},
  "workspace": {
    "dependencies": [
      "jsr:@std/assert@1"
    ],
    "packageJson": {
      "dependencies": [
        "npm:@types/node@22.5.4",
        "npm:@typescript-eslint/eslint-plugin@8.4.0",
        "npm:@typescript-eslint/parser@8.4.0",
        "npm:commitizen@4.3.0",
        "npm:cz-conventional-changelog@3.3.0",
        "npm:eslint-config-prettier@9.1.0",
        "npm:eslint@9.10.0",
        "npm:prettier@3.3.3",
        "npm:semantic-release@24.1.0",
        "npm:tsc-alias@1.8.10",
        "npm:tsconfig-paths@4.2.0",
        "npm:typescript@5.5.4",
        "npm:vitest@2.0.5"
      ]
    }
  }
}
